{
  "name": "shatteredweb-analysis",
  "lockfileVersion": 3,
  "requires": true,
  "packages": {
    "": {
      "dependencies": {
        "@mathigon/fermat": "^1.1.22",
        "statistics.js": "^1.0.0"
      }
    },
    "node_modules/@mathigon/core": {
      "version": "1.1.21",
      "resolved": "https://registry.npmjs.org/@mathigon/core/-/core-1.1.21.tgz",
      "integrity": "sha512-kV17AoUS1gRBsAem7DWO9VsUYfFwodJub6UOaH646x6WLnks5loZPn4a947frXqRnI8Pvfovy11FIzIDH6NwHw==",
      "license": "MIT",
      "engines": {
        "node": ">=16"
      }
    },
    "node_modules/@mathigon/fermat": {
      "version": "1.1.22",
      "resolved": "https://registry.npmjs.org/@mathigon/fermat/-/fermat-1.1.22.tgz",
      "integrity": "sha512-HWUk1E50XuVkbFZwLfzV56+A8fG019L5nOeNaUC/Evmx7nngWNoLsjRIcYxh3h0OjvgZ2pdiKODobOpRc6NE2Q==",
      "license": "MIT",
      "dependencies": {
        "@mathigon/core": "1.1.21"
      },
      "engines": {
        "node": ">=16"
      }
    },
    "node_modules/statistics.js": {
      "version": "1.0.0",
      "resolved": "https://registry.npmjs.org/statistics.js/-/statistics.js-1.0.0.tgz",
      "integrity": "sha512-02+/LzVgoXUQ1PKqq3Z6TQeAX72ykAispsSp7JhimWgv5q7SLhi24rzXthDpteLloihmmLiui22Ygu4VEWOK5g==",
      "license": "MIT"
    }
  }
}
